// !$*UTF8*$!
{
	archiveVersion = 1;
	classes = {
	};
	objectVersion = 55;
	objects = {

/* Begin PBXBuildFile section */
		7FFB4BC626B0251800135823 /* AppDelegate.swift in Sources */ = {isa = PBXBuildFile; fileRef = 7FFB4BC526B0251800135823 /* AppDelegate.swift */; };
		7FFB4BC826B0251800135823 /* SceneDelegate.swift in Sources */ = {isa = PBXBuildFile; fileRef = 7FFB4BC726B0251800135823 /* SceneDelegate.swift */; };
		7FFB4BD026B0251800135823 /* CanaryPosts.xcdatamodeld in Sources */ = {isa = PBXBuildFile; fileRef = 7FFB4BCE26B0251800135823 /* CanaryPosts.xcdatamodeld */; };
		7FFB4BD226B0251900135823 /* Assets.xcassets in Resources */ = {isa = PBXBuildFile; fileRef = 7FFB4BD126B0251900135823 /* Assets.xcassets */; };
		7FFB4BD526B0251900135823 /* LaunchScreen.storyboard in Resources */ = {isa = PBXBuildFile; fileRef = 7FFB4BD326B0251900135823 /* LaunchScreen.storyboard */; };
		7FFB4BE026B0251900135823 /* CanaryPostsTests.swift in Sources */ = {isa = PBXBuildFile; fileRef = 7FFB4BDF26B0251900135823 /* CanaryPostsTests.swift */; };
		7FFB4BEA26B0251900135823 /* CanaryPostsUITests.swift in Sources */ = {isa = PBXBuildFile; fileRef = 7FFB4BE926B0251900135823 /* CanaryPostsUITests.swift */; };
		7FFB4BF826B0264500135823 /* Swinject in Frameworks */ = {isa = PBXBuildFile; productRef = 7FFB4BF726B0264500135823 /* Swinject */; };
		7FFB4BFD26B0288F00135823 /* DefaultHomeViewController.swift in Sources */ = {isa = PBXBuildFile; fileRef = 7FFB4BFC26B0288F00135823 /* DefaultHomeViewController.swift */; };
		7FFB4C0326B02BC600135823 /* BaseViewController.swift in Sources */ = {isa = PBXBuildFile; fileRef = 7FFB4C0226B02BC600135823 /* BaseViewController.swift */; };
		7FFB4C0626B02BFB00135823 /* Colors.swift in Sources */ = {isa = PBXBuildFile; fileRef = 7FFB4C0526B02BFB00135823 /* Colors.swift */; };
		7FFB4C0826B02C0600135823 /* Constants.swift in Sources */ = {isa = PBXBuildFile; fileRef = 7FFB4C0726B02C0600135823 /* Constants.swift */; };
		7FFB4C0B26B02C9E00135823 /* UIViewController+ActivityIndicator.swift in Sources */ = {isa = PBXBuildFile; fileRef = 7FFB4C0A26B02C9E00135823 /* UIViewController+ActivityIndicator.swift */; };
		7FFB4C0D26B02CAA00135823 /* UITableViewCell+Identifier.swift in Sources */ = {isa = PBXBuildFile; fileRef = 7FFB4C0C26B02CAA00135823 /* UITableViewCell+Identifier.swift */; };
		7FFB4C1126B02D5400135823 /* Injector.swift in Sources */ = {isa = PBXBuildFile; fileRef = 7FFB4C1026B02D5400135823 /* Injector.swift */; };
		7FFB4C1326B02D6C00135823 /* RegisterUtils.swift in Sources */ = {isa = PBXBuildFile; fileRef = 7FFB4C1226B02D6C00135823 /* RegisterUtils.swift */; };
		7FFB4C1526B02DC700135823 /* HomeInjection.swift in Sources */ = {isa = PBXBuildFile; fileRef = 7FFB4C1426B02DC700135823 /* HomeInjection.swift */; };
/* End PBXBuildFile section */

/* Begin PBXContainerItemProxy section */
		7FFB4BDC26B0251900135823 /* PBXContainerItemProxy */ = {
			isa = PBXContainerItemProxy;
			containerPortal = 7FFB4BBA26B0251800135823 /* Project object */;
			proxyType = 1;
			remoteGlobalIDString = 7FFB4BC126B0251800135823;
			remoteInfo = CanaryPosts;
		};
		7FFB4BE626B0251900135823 /* PBXContainerItemProxy */ = {
			isa = PBXContainerItemProxy;
			containerPortal = 7FFB4BBA26B0251800135823 /* Project object */;
			proxyType = 1;
			remoteGlobalIDString = 7FFB4BC126B0251800135823;
			remoteInfo = CanaryPosts;
		};
/* End PBXContainerItemProxy section */

/* Begin PBXFileReference section */
		7FFB4BC226B0251800135823 /* CanaryPosts.app */ = {isa = PBXFileReference; explicitFileType = wrapper.application; includeInIndex = 0; path = CanaryPosts.app; sourceTree = BUILT_PRODUCTS_DIR; };
		7FFB4BC526B0251800135823 /* AppDelegate.swift */ = {isa = PBXFileReference; lastKnownFileType = sourcecode.swift; path = AppDelegate.swift; sourceTree = "<group>"; };
		7FFB4BC726B0251800135823 /* SceneDelegate.swift */ = {isa = PBXFileReference; lastKnownFileType = sourcecode.swift; path = SceneDelegate.swift; sourceTree = "<group>"; };
		7FFB4BCF26B0251800135823 /* CanaryPosts.xcdatamodel */ = {isa = PBXFileReference; lastKnownFileType = wrapper.xcdatamodel; path = CanaryPosts.xcdatamodel; sourceTree = "<group>"; };
		7FFB4BD126B0251900135823 /* Assets.xcassets */ = {isa = PBXFileReference; lastKnownFileType = folder.assetcatalog; path = Assets.xcassets; sourceTree = "<group>"; };
		7FFB4BD426B0251900135823 /* Base */ = {isa = PBXFileReference; lastKnownFileType = file.storyboard; name = Base; path = Base.lproj/LaunchScreen.storyboard; sourceTree = "<group>"; };
		7FFB4BD626B0251900135823 /* Info.plist */ = {isa = PBXFileReference; lastKnownFileType = text.plist.xml; path = Info.plist; sourceTree = "<group>"; };
		7FFB4BDB26B0251900135823 /* CanaryPostsTests.xctest */ = {isa = PBXFileReference; explicitFileType = wrapper.cfbundle; includeInIndex = 0; path = CanaryPostsTests.xctest; sourceTree = BUILT_PRODUCTS_DIR; };
		7FFB4BDF26B0251900135823 /* CanaryPostsTests.swift */ = {isa = PBXFileReference; lastKnownFileType = sourcecode.swift; path = CanaryPostsTests.swift; sourceTree = "<group>"; };
		7FFB4BE526B0251900135823 /* CanaryPostsUITests.xctest */ = {isa = PBXFileReference; explicitFileType = wrapper.cfbundle; includeInIndex = 0; path = CanaryPostsUITests.xctest; sourceTree = BUILT_PRODUCTS_DIR; };
		7FFB4BE926B0251900135823 /* CanaryPostsUITests.swift */ = {isa = PBXFileReference; lastKnownFileType = sourcecode.swift; path = CanaryPostsUITests.swift; sourceTree = "<group>"; };
		7FFB4BFC26B0288F00135823 /* DefaultHomeViewController.swift */ = {isa = PBXFileReference; lastKnownFileType = sourcecode.swift; path = DefaultHomeViewController.swift; sourceTree = "<group>"; };
		7FFB4C0226B02BC600135823 /* BaseViewController.swift */ = {isa = PBXFileReference; lastKnownFileType = sourcecode.swift; path = BaseViewController.swift; sourceTree = "<group>"; };
		7FFB4C0526B02BFB00135823 /* Colors.swift */ = {isa = PBXFileReference; lastKnownFileType = sourcecode.swift; path = Colors.swift; sourceTree = "<group>"; };
		7FFB4C0726B02C0600135823 /* Constants.swift */ = {isa = PBXFileReference; lastKnownFileType = sourcecode.swift; path = Constants.swift; sourceTree = "<group>"; };
		7FFB4C0A26B02C9E00135823 /* UIViewController+ActivityIndicator.swift */ = {isa = PBXFileReference; lastKnownFileType = sourcecode.swift; path = "UIViewController+ActivityIndicator.swift"; sourceTree = "<group>"; };
		7FFB4C0C26B02CAA00135823 /* UITableViewCell+Identifier.swift */ = {isa = PBXFileReference; lastKnownFileType = sourcecode.swift; path = "UITableViewCell+Identifier.swift"; sourceTree = "<group>"; };
		7FFB4C1026B02D5400135823 /* Injector.swift */ = {isa = PBXFileReference; lastKnownFileType = sourcecode.swift; path = Injector.swift; sourceTree = "<group>"; };
		7FFB4C1226B02D6C00135823 /* RegisterUtils.swift */ = {isa = PBXFileReference; lastKnownFileType = sourcecode.swift; path = RegisterUtils.swift; sourceTree = "<group>"; };
		7FFB4C1426B02DC700135823 /* HomeInjection.swift */ = {isa = PBXFileReference; lastKnownFileType = sourcecode.swift; path = HomeInjection.swift; sourceTree = "<group>"; };
/* End PBXFileReference section */

/* Begin PBXFrameworksBuildPhase section */
		7FFB4BBF26B0251800135823 /* Frameworks */ = {
			isa = PBXFrameworksBuildPhase;
			buildActionMask = 2147483647;
			files = (
				7FFB4BF826B0264500135823 /* Swinject in Frameworks */,
			);
			runOnlyForDeploymentPostprocessing = 0;
		};
		7FFB4BD826B0251900135823 /* Frameworks */ = {
			isa = PBXFrameworksBuildPhase;
			buildActionMask = 2147483647;
			files = (
			);
			runOnlyForDeploymentPostprocessing = 0;
		};
		7FFB4BE226B0251900135823 /* Frameworks */ = {
			isa = PBXFrameworksBuildPhase;
			buildActionMask = 2147483647;
			files = (
			);
			runOnlyForDeploymentPostprocessing = 0;
		};
/* End PBXFrameworksBuildPhase section */

/* Begin PBXGroup section */
		7FFB4BB926B0251800135823 = {
			isa = PBXGroup;
			children = (
				7FFB4BC426B0251800135823 /* CanaryPosts */,
				7FFB4BDE26B0251900135823 /* CanaryPostsTests */,
				7FFB4BE826B0251900135823 /* CanaryPostsUITests */,
				7FFB4BC326B0251800135823 /* Products */,
			);
			sourceTree = "<group>";
		};
		7FFB4BC326B0251800135823 /* Products */ = {
			isa = PBXGroup;
			children = (
				7FFB4BC226B0251800135823 /* CanaryPosts.app */,
				7FFB4BDB26B0251900135823 /* CanaryPostsTests.xctest */,
				7FFB4BE526B0251900135823 /* CanaryPostsUITests.xctest */,
			);
			name = Products;
			sourceTree = "<group>";
		};
		7FFB4BC426B0251800135823 /* CanaryPosts */ = {
			isa = PBXGroup;
			children = (
				7FFB4BF926B0283500135823 /* Base */,
				7FFB4C0426B02BE600135823 /* Commons */,
				7FFB4BFB26B0287F00135823 /* Modules */,
			);
			path = CanaryPosts;
			sourceTree = "<group>";
		};
		7FFB4BDE26B0251900135823 /* CanaryPostsTests */ = {
			isa = PBXGroup;
			children = (
				7FFB4BDF26B0251900135823 /* CanaryPostsTests.swift */,
			);
			path = CanaryPostsTests;
			sourceTree = "<group>";
		};
		7FFB4BE826B0251900135823 /* CanaryPostsUITests */ = {
			isa = PBXGroup;
			children = (
				7FFB4BE926B0251900135823 /* CanaryPostsUITests.swift */,
			);
			path = CanaryPostsUITests;
			sourceTree = "<group>";
		};
		7FFB4BF926B0283500135823 /* Base */ = {
			isa = PBXGroup;
			children = (
				7FFB4C0E26B02D3500135823 /* Injection */,
				7FFB4C0F26B02D3C00135823 /* Interactors */,
				7FFB4BD626B0251900135823 /* Info.plist */,
				7FFB4BC526B0251800135823 /* AppDelegate.swift */,
				7FFB4C0226B02BC600135823 /* BaseViewController.swift */,
				7FFB4BC726B0251800135823 /* SceneDelegate.swift */,
				7FFB4BD126B0251900135823 /* Assets.xcassets */,
				7FFB4BCE26B0251800135823 /* CanaryPosts.xcdatamodeld */,
				7FFB4BD326B0251900135823 /* LaunchScreen.storyboard */,
			);
			path = Base;
			sourceTree = "<group>";
		};
		7FFB4BFA26B0287900135823 /* Home */ = {
			isa = PBXGroup;
			children = (
				7FFB4C1426B02DC700135823 /* HomeInjection.swift */,
				7FFB4C0126B02AB200135823 /* Coordinator */,
				7FFB4BFE26B02A9C00135823 /* Model */,
				7FFB4BFF26B02AA400135823 /* View */,
				7FFB4C0026B02AA900135823 /* ViewModel */,
			);
			path = Home;
			sourceTree = "<group>";
		};
		7FFB4BFB26B0287F00135823 /* Modules */ = {
			isa = PBXGroup;
			children = (
				7FFB4BFA26B0287900135823 /* Home */,
			);
			path = Modules;
			sourceTree = "<group>";
		};
		7FFB4BFE26B02A9C00135823 /* Model */ = {
			isa = PBXGroup;
			children = (
			);
			path = Model;
			sourceTree = "<group>";
		};
		7FFB4BFF26B02AA400135823 /* View */ = {
			isa = PBXGroup;
			children = (
				7FFB4BFC26B0288F00135823 /* DefaultHomeViewController.swift */,
			);
			path = View;
			sourceTree = "<group>";
		};
		7FFB4C0026B02AA900135823 /* ViewModel */ = {
			isa = PBXGroup;
			children = (
			);
			path = ViewModel;
			sourceTree = "<group>";
		};
		7FFB4C0126B02AB200135823 /* Coordinator */ = {
			isa = PBXGroup;
			children = (
			);
			path = Coordinator;
			sourceTree = "<group>";
		};
		7FFB4C0426B02BE600135823 /* Commons */ = {
			isa = PBXGroup;
			children = (
				7FFB4C0926B02C9000135823 /* Utils */,
				7FFB4C0526B02BFB00135823 /* Colors.swift */,
				7FFB4C0726B02C0600135823 /* Constants.swift */,
			);
			path = Commons;
			sourceTree = "<group>";
		};
		7FFB4C0926B02C9000135823 /* Utils */ = {
			isa = PBXGroup;
			children = (
				7FFB4C0A26B02C9E00135823 /* UIViewController+ActivityIndicator.swift */,
				7FFB4C0C26B02CAA00135823 /* UITableViewCell+Identifier.swift */,
			);
			path = Utils;
			sourceTree = "<group>";
		};
		7FFB4C0E26B02D3500135823 /* Injection */ = {
			isa = PBXGroup;
			children = (
				7FFB4C1026B02D5400135823 /* Injector.swift */,
				7FFB4C1226B02D6C00135823 /* RegisterUtils.swift */,
			);
			path = Injection;
			sourceTree = "<group>";
		};
		7FFB4C0F26B02D3C00135823 /* Interactors */ = {
			isa = PBXGroup;
			children = (
			);
			path = Interactors;
			sourceTree = "<group>";
		};
/* End PBXGroup section */

/* Begin PBXNativeTarget section */
		7FFB4BC126B0251800135823 /* CanaryPosts */ = {
			isa = PBXNativeTarget;
			buildConfigurationList = 7FFB4BED26B0251900135823 /* Build configuration list for PBXNativeTarget "CanaryPosts" */;
			buildPhases = (
				7FFB4BBE26B0251800135823 /* Sources */,
				7FFB4BBF26B0251800135823 /* Frameworks */,
				7FFB4BC026B0251800135823 /* Resources */,
			);
			buildRules = (
			);
			dependencies = (
			);
			name = CanaryPosts;
			packageProductDependencies = (
				7FFB4BF726B0264500135823 /* Swinject */,
			);
			productName = CanaryPosts;
			productReference = 7FFB4BC226B0251800135823 /* CanaryPosts.app */;
			productType = "com.apple.product-type.application";
		};
		7FFB4BDA26B0251900135823 /* CanaryPostsTests */ = {
			isa = PBXNativeTarget;
			buildConfigurationList = 7FFB4BF026B0251900135823 /* Build configuration list for PBXNativeTarget "CanaryPostsTests" */;
			buildPhases = (
				7FFB4BD726B0251900135823 /* Sources */,
				7FFB4BD826B0251900135823 /* Frameworks */,
				7FFB4BD926B0251900135823 /* Resources */,
			);
			buildRules = (
			);
			dependencies = (
				7FFB4BDD26B0251900135823 /* PBXTargetDependency */,
			);
			name = CanaryPostsTests;
			productName = CanaryPostsTests;
			productReference = 7FFB4BDB26B0251900135823 /* CanaryPostsTests.xctest */;
			productType = "com.apple.product-type.bundle.unit-test";
		};
		7FFB4BE426B0251900135823 /* CanaryPostsUITests */ = {
			isa = PBXNativeTarget;
			buildConfigurationList = 7FFB4BF326B0251900135823 /* Build configuration list for PBXNativeTarget "CanaryPostsUITests" */;
			buildPhases = (
				7FFB4BE126B0251900135823 /* Sources */,
				7FFB4BE226B0251900135823 /* Frameworks */,
				7FFB4BE326B0251900135823 /* Resources */,
			);
			buildRules = (
			);
			dependencies = (
				7FFB4BE726B0251900135823 /* PBXTargetDependency */,
			);
			name = CanaryPostsUITests;
			productName = CanaryPostsUITests;
			productReference = 7FFB4BE526B0251900135823 /* CanaryPostsUITests.xctest */;
			productType = "com.apple.product-type.bundle.ui-testing";
		};
/* End PBXNativeTarget section */

/* Begin PBXProject section */
		7FFB4BBA26B0251800135823 /* Project object */ = {
			isa = PBXProject;
			attributes = {
				BuildIndependentTargetsInParallel = 1;
				LastSwiftUpdateCheck = 1300;
				LastUpgradeCheck = 1300;
				TargetAttributes = {
					7FFB4BC126B0251800135823 = {
						CreatedOnToolsVersion = 13.0;
					};
					7FFB4BDA26B0251900135823 = {
						CreatedOnToolsVersion = 13.0;
						TestTargetID = 7FFB4BC126B0251800135823;
					};
					7FFB4BE426B0251900135823 = {
						CreatedOnToolsVersion = 13.0;
						TestTargetID = 7FFB4BC126B0251800135823;
					};
				};
			};
			buildConfigurationList = 7FFB4BBD26B0251800135823 /* Build configuration list for PBXProject "CanaryPosts" */;
			compatibilityVersion = "Xcode 13.0";
			developmentRegion = en;
			hasScannedForEncodings = 0;
			knownRegions = (
				en,
				Base,
			);
			mainGroup = 7FFB4BB926B0251800135823;
			packageReferences = (
				7FFB4BF626B0264500135823 /* XCRemoteSwiftPackageReference "Swinject" */,
			);
			productRefGroup = 7FFB4BC326B0251800135823 /* Products */;
			projectDirPath = "";
			projectRoot = "";
			targets = (
				7FFB4BC126B0251800135823 /* CanaryPosts */,
				7FFB4BDA26B0251900135823 /* CanaryPostsTests */,
				7FFB4BE426B0251900135823 /* CanaryPostsUITests */,
			);
		};
/* End PBXProject section */

/* Begin PBXResourcesBuildPhase section */
		7FFB4BC026B0251800135823 /* Resources */ = {
			isa = PBXResourcesBuildPhase;
			buildActionMask = 2147483647;
			files = (
				7FFB4BD526B0251900135823 /* LaunchScreen.storyboard in Resources */,
				7FFB4BD226B0251900135823 /* Assets.xcassets in Resources */,
			);
			runOnlyForDeploymentPostprocessing = 0;
		};
		7FFB4BD926B0251900135823 /* Resources */ = {
			isa = PBXResourcesBuildPhase;
			buildActionMask = 2147483647;
			files = (
			);
			runOnlyForDeploymentPostprocessing = 0;
		};
		7FFB4BE326B0251900135823 /* Resources */ = {
			isa = PBXResourcesBuildPhase;
			buildActionMask = 2147483647;
			files = (
			);
			runOnlyForDeploymentPostprocessing = 0;
		};
/* End PBXResourcesBuildPhase section */

/* Begin PBXSourcesBuildPhase section */
		7FFB4BBE26B0251800135823 /* Sources */ = {
			isa = PBXSourcesBuildPhase;
			buildActionMask = 2147483647;
			files = (
				7FFB4C0326B02BC600135823 /* BaseViewController.swift in Sources */,
				7FFB4C0626B02BFB00135823 /* Colors.swift in Sources */,
				7FFB4BFD26B0288F00135823 /* DefaultHomeViewController.swift in Sources */,
				7FFB4C1326B02D6C00135823 /* RegisterUtils.swift in Sources */,
				7FFB4BC626B0251800135823 /* AppDelegate.swift in Sources */,
				7FFB4C0826B02C0600135823 /* Constants.swift in Sources */,
				7FFB4C1526B02DC700135823 /* HomeInjection.swift in Sources */,
				7FFB4C1126B02D5400135823 /* Injector.swift in Sources */,
				7FFB4C0D26B02CAA00135823 /* UITableViewCell+Identifier.swift in Sources */,
				7FFB4C0B26B02C9E00135823 /* UIViewController+ActivityIndicator.swift in Sources */,
				7FFB4BC826B0251800135823 /* SceneDelegate.swift in Sources */,
				7FFB4BD026B0251800135823 /* CanaryPosts.xcdatamodeld in Sources */,
			);
			runOnlyForDeploymentPostprocessing = 0;
		};
		7FFB4BD726B0251900135823 /* Sources */ = {
			isa = PBXSourcesBuildPhase;
			buildActionMask = 2147483647;
			files = (
				7FFB4BE026B0251900135823 /* CanaryPostsTests.swift in Sources */,
			);
			runOnlyForDeploymentPostprocessing = 0;
		};
		7FFB4BE126B0251900135823 /* Sources */ = {
			isa = PBXSourcesBuildPhase;
			buildActionMask = 2147483647;
			files = (
				7FFB4BEA26B0251900135823 /* CanaryPostsUITests.swift in Sources */,
			);
			runOnlyForDeploymentPostprocessing = 0;
		};
/* End PBXSourcesBuildPhase section */

/* Begin PBXTargetDependency section */
		7FFB4BDD26B0251900135823 /* PBXTargetDependency */ = {
			isa = PBXTargetDependency;
			target = 7FFB4BC126B0251800135823 /* CanaryPosts */;
			targetProxy = 7FFB4BDC26B0251900135823 /* PBXContainerItemProxy */;
		};
		7FFB4BE726B0251900135823 /* PBXTargetDependency */ = {
			isa = PBXTargetDependency;
			target = 7FFB4BC126B0251800135823 /* CanaryPosts */;
			targetProxy = 7FFB4BE626B0251900135823 /* PBXContainerItemProxy */;
		};
/* End PBXTargetDependency section */

/* Begin PBXVariantGroup section */
		7FFB4BD326B0251900135823 /* LaunchScreen.storyboard */ = {
			isa = PBXVariantGroup;
			children = (
				7FFB4BD426B0251900135823 /* Base */,
			);
			name = LaunchScreen.storyboard;
			sourceTree = "<group>";
		};
/* End PBXVariantGroup section */

/* Begin XCBuildConfiguration section */
		7FFB4BEB26B0251900135823 /* Debug */ = {
			isa = XCBuildConfiguration;
			buildSettings = {
				ALWAYS_SEARCH_USER_PATHS = NO;
				CLANG_ANALYZER_NONNULL = YES;
				CLANG_ANALYZER_NUMBER_OBJECT_CONVERSION = YES_AGGRESSIVE;
				CLANG_CXX_LANGUAGE_STANDARD = "gnu++14";
				CLANG_CXX_LIBRARY = "libc++";
				CLANG_ENABLE_MODULES = YES;
				CLANG_ENABLE_OBJC_ARC = YES;
				CLANG_ENABLE_OBJC_WEAK = YES;
				CLANG_WARN_BLOCK_CAPTURE_AUTORELEASING = YES;
				CLANG_WARN_BOOL_CONVERSION = YES;
				CLANG_WARN_COMMA = YES;
				CLANG_WARN_CONSTANT_CONVERSION = YES;
				CLANG_WARN_DEPRECATED_OBJC_IMPLEMENTATIONS = YES;
				CLANG_WARN_DIRECT_OBJC_ISA_USAGE = YES_ERROR;
				CLANG_WARN_DOCUMENTATION_COMMENTS = YES;
				CLANG_WARN_EMPTY_BODY = YES;
				CLANG_WARN_ENUM_CONVERSION = YES;
				CLANG_WARN_INFINITE_RECURSION = YES;
				CLANG_WARN_INT_CONVERSION = YES;
				CLANG_WARN_NON_LITERAL_NULL_CONVERSION = YES;
				CLANG_WARN_OBJC_IMPLICIT_RETAIN_SELF = YES;
				CLANG_WARN_OBJC_LITERAL_CONVERSION = YES;
				CLANG_WARN_OBJC_ROOT_CLASS = YES_ERROR;
				CLANG_WARN_QUOTED_INCLUDE_IN_FRAMEWORK_HEADER = YES;
				CLANG_WARN_RANGE_LOOP_ANALYSIS = YES;
				CLANG_WARN_STRICT_PROTOTYPES = YES;
				CLANG_WARN_SUSPICIOUS_MOVE = YES;
				CLANG_WARN_UNGUARDED_AVAILABILITY = YES_AGGRESSIVE;
				CLANG_WARN_UNREACHABLE_CODE = YES;
				CLANG_WARN__DUPLICATE_METHOD_MATCH = YES;
				COPY_PHASE_STRIP = NO;
				DEBUG_INFORMATION_FORMAT = dwarf;
				ENABLE_STRICT_OBJC_MSGSEND = YES;
				ENABLE_TESTABILITY = YES;
				GCC_C_LANGUAGE_STANDARD = gnu11;
				GCC_DYNAMIC_NO_PIC = NO;
				GCC_NO_COMMON_BLOCKS = YES;
				GCC_OPTIMIZATION_LEVEL = 0;
				GCC_PREPROCESSOR_DEFINITIONS = (
					"DEBUG=1",
					"$(inherited)",
				);
				GCC_WARN_64_TO_32_BIT_CONVERSION = YES;
				GCC_WARN_ABOUT_RETURN_TYPE = YES_ERROR;
				GCC_WARN_UNDECLARED_SELECTOR = YES;
				GCC_WARN_UNINITIALIZED_AUTOS = YES_AGGRESSIVE;
				GCC_WARN_UNUSED_FUNCTION = YES;
				GCC_WARN_UNUSED_VARIABLE = YES;
				IPHONEOS_DEPLOYMENT_TARGET = 15.0;
				MTL_ENABLE_DEBUG_INFO = INCLUDE_SOURCE;
				MTL_FAST_MATH = YES;
				ONLY_ACTIVE_ARCH = YES;
				SDKROOT = iphoneos;
				SWIFT_ACTIVE_COMPILATION_CONDITIONS = DEBUG;
				SWIFT_OPTIMIZATION_LEVEL = "-Onone";
			};
			name = Debug;
		};
		7FFB4BEC26B0251900135823 /* Release */ = {
			isa = XCBuildConfiguration;
			buildSettings = {
				ALWAYS_SEARCH_USER_PATHS = NO;
				CLANG_ANALYZER_NONNULL = YES;
				CLANG_ANALYZER_NUMBER_OBJECT_CONVERSION = YES_AGGRESSIVE;
				CLANG_CXX_LANGUAGE_STANDARD = "gnu++14";
				CLANG_CXX_LIBRARY = "libc++";
				CLANG_ENABLE_MODULES = YES;
				CLANG_ENABLE_OBJC_ARC = YES;
				CLANG_ENABLE_OBJC_WEAK = YES;
				CLANG_WARN_BLOCK_CAPTURE_AUTORELEASING = YES;
				CLANG_WARN_BOOL_CONVERSION = YES;
				CLANG_WARN_COMMA = YES;
				CLANG_WARN_CONSTANT_CONVERSION = YES;
				CLANG_WARN_DEPRECATED_OBJC_IMPLEMENTATIONS = YES;
				CLANG_WARN_DIRECT_OBJC_ISA_USAGE = YES_ERROR;
				CLANG_WARN_DOCUMENTATION_COMMENTS = YES;
				CLANG_WARN_EMPTY_BODY = YES;
				CLANG_WARN_ENUM_CONVERSION = YES;
				CLANG_WARN_INFINITE_RECURSION = YES;
				CLANG_WARN_INT_CONVERSION = YES;
				CLANG_WARN_NON_LITERAL_NULL_CONVERSION = YES;
				CLANG_WARN_OBJC_IMPLICIT_RETAIN_SELF = YES;
				CLANG_WARN_OBJC_LITERAL_CONVERSION = YES;
				CLANG_WARN_OBJC_ROOT_CLASS = YES_ERROR;
				CLANG_WARN_QUOTED_INCLUDE_IN_FRAMEWORK_HEADER = YES;
				CLANG_WARN_RANGE_LOOP_ANALYSIS = YES;
				CLANG_WARN_STRICT_PROTOTYPES = YES;
				CLANG_WARN_SUSPICIOUS_MOVE = YES;
				CLANG_WARN_UNGUARDED_AVAILABILITY = YES_AGGRESSIVE;
				CLANG_WARN_UNREACHABLE_CODE = YES;
				CLANG_WARN__DUPLICATE_METHOD_MATCH = YES;
				COPY_PHASE_STRIP = NO;
				DEBUG_INFORMATION_FORMAT = "dwarf-with-dsym";
				ENABLE_NS_ASSERTIONS = NO;
				ENABLE_STRICT_OBJC_MSGSEND = YES;
				GCC_C_LANGUAGE_STANDARD = gnu11;
				GCC_NO_COMMON_BLOCKS = YES;
				GCC_WARN_64_TO_32_BIT_CONVERSION = YES;
				GCC_WARN_ABOUT_RETURN_TYPE = YES_ERROR;
				GCC_WARN_UNDECLARED_SELECTOR = YES;
				GCC_WARN_UNINITIALIZED_AUTOS = YES_AGGRESSIVE;
				GCC_WARN_UNUSED_FUNCTION = YES;
				GCC_WARN_UNUSED_VARIABLE = YES;
				IPHONEOS_DEPLOYMENT_TARGET = 15.0;
				MTL_ENABLE_DEBUG_INFO = NO;
				MTL_FAST_MATH = YES;
				SDKROOT = iphoneos;
				SWIFT_COMPILATION_MODE = wholemodule;
				SWIFT_OPTIMIZATION_LEVEL = "-O";
				VALIDATE_PRODUCT = YES;
			};
			name = Release;
		};
		7FFB4BEE26B0251900135823 /* Debug */ = {
			isa = XCBuildConfiguration;
			buildSettings = {
				ASSETCATALOG_COMPILER_APPICON_NAME = AppIcon;
				ASSETCATALOG_COMPILER_GLOBAL_ACCENT_COLOR_NAME = AccentColor;
				CODE_SIGN_STYLE = Automatic;
				CURRENT_PROJECT_VERSION = 1;
				GENERATE_INFOPLIST_FILE = YES;
				INFOPLIST_FILE = CanaryPosts/Base/Info.plist;
				INFOPLIST_KEY_CFBundleExecutable = CanaryPosts;
				INFOPLIST_KEY_CFBundleName = CanaryPosts;
				INFOPLIST_KEY_CFBundleVersion = 1;
				INFOPLIST_KEY_UIApplicationSupportsIndirectInputEvents = YES;
				INFOPLIST_KEY_UILaunchStoryboardName = LaunchScreen;
				INFOPLIST_KEY_UISupportedInterfaceOrientations = UIInterfaceOrientationPortrait;
				INFOPLIST_KEY_UISupportedInterfaceOrientations_iPad = "UIInterfaceOrientationPortrait UIInterfaceOrientationPortraitUpsideDown UIInterfaceOrientationLandscapeLeft UIInterfaceOrientationLandscapeRight";
				INFOPLIST_KEY_UISupportedInterfaceOrientations_iPhone = "UIInterfaceOrientationPortrait UIInterfaceOrientationLandscapeLeft UIInterfaceOrientationLandscapeRight";
				LD_RUNPATH_SEARCH_PATHS = (
					"$(inherited)",
					"@executable_path/Frameworks",
				);
				MARKETING_VERSION = 1.0;
				PRODUCT_BUNDLE_IDENTIFIER = jpv.CanaryPosts;
				PRODUCT_NAME = "$(TARGET_NAME)";
				SWIFT_EMIT_LOC_STRINGS = YES;
				SWIFT_VERSION = 5.0;
				TARGETED_DEVICE_FAMILY = 1;
			};
			name = Debug;
		};
		7FFB4BEF26B0251900135823 /* Release */ = {
			isa = XCBuildConfiguration;
			buildSettings = {
				ASSETCATALOG_COMPILER_APPICON_NAME = AppIcon;
				ASSETCATALOG_COMPILER_GLOBAL_ACCENT_COLOR_NAME = AccentColor;
				CODE_SIGN_STYLE = Automatic;
				CURRENT_PROJECT_VERSION = 1;
				GENERATE_INFOPLIST_FILE = YES;
				INFOPLIST_FILE = CanaryPosts/Base/Info.plist;
				INFOPLIST_KEY_CFBundleExecutable = CanaryPosts;
				INFOPLIST_KEY_CFBundleName = CanaryPosts;
				INFOPLIST_KEY_CFBundleVersion = 1;
				INFOPLIST_KEY_UIApplicationSupportsIndirectInputEvents = YES;
				INFOPLIST_KEY_UILaunchStoryboardName = LaunchScreen;
				INFOPLIST_KEY_UISupportedInterfaceOrientations = UIInterfaceOrientationPortrait;
				INFOPLIST_KEY_UISupportedInterfaceOrientations_iPad = "UIInterfaceOrientationPortrait UIInterfaceOrientationPortraitUpsideDown UIInterfaceOrientationLandscapeLeft UIInterfaceOrientationLandscapeRight";
				INFOPLIST_KEY_UISupportedInterfaceOrientations_iPhone = "UIInterfaceOrientationPortrait UIInterfaceOrientationLandscapeLeft UIInterfaceOrientationLandscapeRight";
				LD_RUNPATH_SEARCH_PATHS = (
					"$(inherited)",
					"@executable_path/Frameworks",
				);
				MARKETING_VERSION = 1.0;
				PRODUCT_BUNDLE_IDENTIFIER = jpv.CanaryPosts;
				PRODUCT_NAME = "$(TARGET_NAME)";
				SWIFT_EMIT_LOC_STRINGS = YES;
				SWIFT_VERSION = 5.0;
				TARGETED_DEVICE_FAMILY = 1;
			};
			name = Release;
		};
		7FFB4BF126B0251900135823 /* Debug */ = {
			isa = XCBuildConfiguration;
			buildSettings = {
				ALWAYS_EMBED_SWIFT_STANDARD_LIBRARIES = YES;
				BUNDLE_LOADER = "$(TEST_HOST)";
				CODE_SIGN_STYLE = Automatic;
				CURRENT_PROJECT_VERSION = 1;
				GENERATE_INFOPLIST_FILE = YES;
				IPHONEOS_DEPLOYMENT_TARGET = 15.0;
				LD_RUNPATH_SEARCH_PATHS = (
					"$(inherited)",
					"@executable_path/Frameworks",
					"@loader_path/Frameworks",
				);
				MARKETING_VERSION = 1.0;
				PRODUCT_BUNDLE_IDENTIFIER = jpv.CanaryPostsTests;
				PRODUCT_NAME = "$(TARGET_NAME)";
				SWIFT_EMIT_LOC_STRINGS = NO;
				SWIFT_VERSION = 5.0;
				TARGETED_DEVICE_FAMILY = "1,2";
				TEST_HOST = "$(BUILT_PRODUCTS_DIR)/CanaryPosts.app/CanaryPosts";
			};
			name = Debug;
		};
		7FFB4BF226B0251900135823 /* Release */ = {
			isa = XCBuildConfiguration;
			buildSettings = {
				ALWAYS_EMBED_SWIFT_STANDARD_LIBRARIES = YES;
				BUNDLE_LOADER = "$(TEST_HOST)";
				CODE_SIGN_STYLE = Automatic;
				CURRENT_PROJECT_VERSION = 1;
				GENERATE_INFOPLIST_FILE = YES;
				IPHONEOS_DEPLOYMENT_TARGET = 15.0;
				LD_RUNPATH_SEARCH_PATHS = (
					"$(inherited)",
					"@executable_path/Frameworks",
					"@loader_path/Frameworks",
				);
				MARKETING_VERSION = 1.0;
				PRODUCT_BUNDLE_IDENTIFIER = jpv.CanaryPostsTests;
				PRODUCT_NAME = "$(TARGET_NAME)";
				SWIFT_EMIT_LOC_STRINGS = NO;
				SWIFT_VERSION = 5.0;
				TARGETED_DEVICE_FAMILY = "1,2";
				TEST_HOST = "$(BUILT_PRODUCTS_DIR)/CanaryPosts.app/CanaryPosts";
			};
			name = Release;
		};
		7FFB4BF426B0251900135823 /* Debug */ = {
			isa = XCBuildConfiguration;
			buildSettings = {
				ALWAYS_EMBED_SWIFT_STANDARD_LIBRARIES = YES;
				CODE_SIGN_STYLE = Automatic;
				CURRENT_PROJECT_VERSION = 1;
				GENERATE_INFOPLIST_FILE = YES;
				LD_RUNPATH_SEARCH_PATHS = (
					"$(inherited)",
					"@executable_path/Frameworks",
					"@loader_path/Frameworks",
				);
				MARKETING_VERSION = 1.0;
				PRODUCT_BUNDLE_IDENTIFIER = jpv.CanaryPostsUITests;
				PRODUCT_NAME = "$(TARGET_NAME)";
				SWIFT_EMIT_LOC_STRINGS = NO;
				SWIFT_VERSION = 5.0;
				TARGETED_DEVICE_FAMILY = "1,2";
				TEST_TARGET_NAME = CanaryPosts;
			};
			name = Debug;
		};
		7FFB4BF526B0251900135823 /* Release */ = {
			isa = XCBuildConfiguration;
			buildSettings = {
				ALWAYS_EMBED_SWIFT_STANDARD_LIBRARIES = YES;
				CODE_SIGN_STYLE = Automatic;
				CURRENT_PROJECT_VERSION = 1;
				GENERATE_INFOPLIST_FILE = YES;
				LD_RUNPATH_SEARCH_PATHS = (
					"$(inherited)",
					"@executable_path/Frameworks",
					"@loader_path/Frameworks",
				);
				MARKETING_VERSION = 1.0;
				PRODUCT_BUNDLE_IDENTIFIER = jpv.CanaryPostsUITests;
				PRODUCT_NAME = "$(TARGET_NAME)";
				SWIFT_EMIT_LOC_STRINGS = NO;
				SWIFT_VERSION = 5.0;
				TARGETED_DEVICE_FAMILY = "1,2";
				TEST_TARGET_NAME = CanaryPosts;
			};
			name = Release;
		};
/* End XCBuildConfiguration section */

/* Begin XCConfigurationList section */
		7FFB4BBD26B0251800135823 /* Build configuration list for PBXProject "CanaryPosts" */ = {
			isa = XCConfigurationList;
			buildConfigurations = (
				7FFB4BEB26B0251900135823 /* Debug */,
				7FFB4BEC26B0251900135823 /* Release */,
			);
			defaultConfigurationIsVisible = 0;
			defaultConfigurationName = Release;
		};
		7FFB4BED26B0251900135823 /* Build configuration list for PBXNativeTarget "CanaryPosts" */ = {
			isa = XCConfigurationList;
			buildConfigurations = (
				7FFB4BEE26B0251900135823 /* Debug */,
				7FFB4BEF26B0251900135823 /* Release */,
			);
			defaultConfigurationIsVisible = 0;
			defaultConfigurationName = Release;
		};
		7FFB4BF026B0251900135823 /* Build configuration list for PBXNativeTarget "CanaryPostsTests" */ = {
			isa = XCConfigurationList;
			buildConfigurations = (
				7FFB4BF126B0251900135823 /* Debug */,
				7FFB4BF226B0251900135823 /* Release */,
			);
			defaultConfigurationIsVisible = 0;
			defaultConfigurationName = Release;
		};
		7FFB4BF326B0251900135823 /* Build configuration list for PBXNativeTarget "CanaryPostsUITests" */ = {
			isa = XCConfigurationList;
			buildConfigurations = (
				7FFB4BF426B0251900135823 /* Debug */,
				7FFB4BF526B0251900135823 /* Release */,
			);
			defaultConfigurationIsVisible = 0;
			defaultConfigurationName = Release;
		};
/* End XCConfigurationList section */

/* Begin XCRemoteSwiftPackageReference section */
		7FFB4BF626B0264500135823 /* XCRemoteSwiftPackageReference "Swinject" */ = {
			isa = XCRemoteSwiftPackageReference;
			repositoryURL = "https://github.com/Swinject/Swinject.git";
			requirement = {
				kind = exactVersion;
				version = 2.7.1;
			};
		};
/* End XCRemoteSwiftPackageReference section */

/* Begin XCSwiftPackageProductDependency section */
		7FFB4BF726B0264500135823 /* Swinject */ = {
			isa = XCSwiftPackageProductDependency;
			package = 7FFB4BF626B0264500135823 /* XCRemoteSwiftPackageReference "Swinject" */;
			productName = Swinject;
		};
/* End XCSwiftPackageProductDependency section */

/* Begin XCVersionGroup section */
		7FFB4BCE26B0251800135823 /* CanaryPosts.xcdatamodeld */ = {
			isa = XCVersionGroup;
			children = (
				7FFB4BCF26B0251800135823 /* CanaryPosts.xcdatamodel */,
			);
			currentVersion = 7FFB4BCF26B0251800135823 /* CanaryPosts.xcdatamodel */;
			path = CanaryPosts.xcdatamodeld;
			sourceTree = "<group>";
			versionGroupType = wrapper.xcdatamodel;
		};
/* End XCVersionGroup section */
	};
	rootObject = 7FFB4BBA26B0251800135823 /* Project object */;
}
